
Microsoft Visual Studio Solution File, Format Version 12.00
# Visual Studio Version 17
VisualStudioVersion = 17.3.32804.467
MinimumVisualStudioVersion = 10.0.40219.1
Project("{FAE04EC0-301F-11D3-BF4B-00C04F79EFBC}") = "CleanArchitecture.ConsoleApp", "CleanArchitecture.ConsoleApp\CleanArchitecture.ConsoleApp.csproj", "{23D927E8-6374-4E20-A6EE-7A7366C66537}"
EndProject
Project("{FAE04EC0-301F-11D3-BF4B-00C04F79EFBC}") = "CleanArchitecture.Data", "CleanArchitecture.Data\CleanArchitecture.Data.csproj", "{6B8F9CD9-9E02-40E9-949C-E7B4F85DC3B3}"
EndProject
Project("{FAE04EC0-301F-11D3-BF4B-00C04F79EFBC}") = "CleanArchitecture.Domain", "CleanArchitecture.Domain\CleanArchitecture.Domain.csproj", "{B9E8C8A5-887A-499B-9A06-3301320FAB7E}"
EndProject
Project("{2150E333-8FDC-42A3-9474-1A3956D46DE8}") = "src", "src", "{21200BBB-1390-4719-BDC1-E35F8F1856EC}"
EndProject
Project("{2150E333-8FDC-42A3-9474-1A3956D46DE8}") = "doc", "doc", "{4BEB9C0F-9866-415F-9B09-DC8533F22802}"
EndProject
Project("{2150E333-8FDC-42A3-9474-1A3956D46DE8}") = "test", "test", "{7D8C456F-1774-4EA0-BFBE-53D9DE2C0263}"
EndProject
Project("{2150E333-8FDC-42A3-9474-1A3956D46DE8}") = "API", "API", "{A60EBD1F-4425-4EEF-A70C-2D6EFB2B0379}"
EndProject
Project("{2150E333-8FDC-42A3-9474-1A3956D46DE8}") = "Core", "Core", "{2332DC45-7413-4BB1-A90D-6FF6789B4615}"
EndProject
Project("{2150E333-8FDC-42A3-9474-1A3956D46DE8}") = "Infrastructure", "Infrastructure", "{C263D6B9-2B1B-4193-BB21-F1CB873D6EBE}"
EndProject
Global
	GlobalSection(SolutionConfigurationPlatforms) = preSolution
		Debug|Any CPU = Debug|Any CPU
		Release|Any CPU = Release|Any CPU
	EndGlobalSection
	GlobalSection(ProjectConfigurationPlatforms) = postSolution
		{23D927E8-6374-4E20-A6EE-7A7366C66537}.Debug|Any CPU.ActiveCfg = Debug|Any CPU
		{23D927E8-6374-4E20-A6EE-7A7366C66537}.Debug|Any CPU.Build.0 = Debug|Any CPU
		{23D927E8-6374-4E20-A6EE-7A7366C66537}.Release|Any CPU.ActiveCfg = Release|Any CPU
		{23D927E8-6374-4E20-A6EE-7A7366C66537}.Release|Any CPU.Build.0 = Release|Any CPU
		{6B8F9CD9-9E02-40E9-949C-E7B4F85DC3B3}.Debug|Any CPU.ActiveCfg = Debug|Any CPU
		{6B8F9CD9-9E02-40E9-949C-E7B4F85DC3B3}.Debug|Any CPU.Build.0 = Debug|Any CPU
		{6B8F9CD9-9E02-40E9-949C-E7B4F85DC3B3}.Release|Any CPU.ActiveCfg = Release|Any CPU
		{6B8F9CD9-9E02-40E9-949C-E7B4F85DC3B3}.Release|Any CPU.Build.0 = Release|Any CPU
		{B9E8C8A5-887A-499B-9A06-3301320FAB7E}.Debug|Any CPU.ActiveCfg = Debug|Any CPU
		{B9E8C8A5-887A-499B-9A06-3301320FAB7E}.Debug|Any CPU.Build.0 = Debug|Any CPU
		{B9E8C8A5-887A-499B-9A06-3301320FAB7E}.Release|Any CPU.ActiveCfg = Release|Any CPU
		{B9E8C8A5-887A-499B-9A06-3301320FAB7E}.Release|Any CPU.Build.0 = Release|Any CPU
	EndGlobalSection
	GlobalSection(SolutionProperties) = preSolution
		HideSolutionNode = FALSE
	EndGlobalSection
	GlobalSection(NestedProjects) = preSolution
		{A60EBD1F-4425-4EEF-A70C-2D6EFB2B0379} = {21200BBB-1390-4719-BDC1-E35F8F1856EC}
		{2332DC45-7413-4BB1-A90D-6FF6789B4615} = {21200BBB-1390-4719-BDC1-E35F8F1856EC}
		{C263D6B9-2B1B-4193-BB21-F1CB873D6EBE} = {21200BBB-1390-4719-BDC1-E35F8F1856EC}
	EndGlobalSection
	GlobalSection(ExtensibilityGlobals) = postSolution
		SolutionGuid = {AC2C2551-40FF-451E-97FE-30BBBE84054F}
	EndGlobalSection
EndGlobal
